
Microsoft Visual Studio Solution File, Format Version 12.00
# Visual Studio 15
VisualStudioVersion = 15.0.28307.168
MinimumVisualStudioVersion = 10.0.40219.1
Project("{FAE04EC0-301F-11D3-BF4B-00C04F79EFBC}") = "CSharpTrinkets", "CSharpTrinkets\CSharpTrinkets.csproj", "{52146983-80AF-4522-979C-4695F9A33DAD}"
EndProject
Global
	GlobalSection(SolutionConfigurationPlatforms) = preSolution
		Debug|Any CPU = Debug|Any CPU
		Release|Any CPU = Release|Any CPU
	EndGlobalSection
	GlobalSection(ProjectConfigurationPlatforms) = postSolution
		{52146983-80AF-4522-979C-4695F9A33DAD}.Debug|Any CPU.ActiveCfg = Debug|Any CPU
		{52146983-80AF-4522-979C-4695F9A33DAD}.Debug|Any CPU.Build.0 = Debug|Any CPU
		{52146983-80AF-4522-979C-4695F9A33DAD}.Release|Any CPU.ActiveCfg = Release|Any CPU
		{52146983-80AF-4522-979C-4695F9A33DAD}.Release|Any CPU.Build.0 = Release|Any CPU
	EndGlobalSection
	GlobalSection(SolutionProperties) = preSolution
		HideSolutionNode = FALSE
	EndGlobalSection
	GlobalSection(ExtensibilityGlobals) = postSolution
		SolutionGuid = {CE25F8FC-CD0A-4E57-BBC3-1FB58B07B657}
	EndGlobalSection
EndGlobal
